
Microsoft Visual Studio Solution File, Format Version 12.00
# Visual Studio Version 16
VisualStudioVersion = 16.0.29806.167
MinimumVisualStudioVersion = 10.0.40219.1
Project("{9A19103F-16F7-4668-BE54-9A1E7A4F7556}") = "TheEmporium", "TheEmporium\TheEmporium.csproj", "{B128A5CF-5F03-4C15-AAE5-D2172186A7B7}"
EndProject
Global
	GlobalSection(SolutionConfigurationPlatforms) = preSolution
		Debug|Any CPU = Debug|Any CPU
		Release|Any CPU = Release|Any CPU
	EndGlobalSection
	GlobalSection(ProjectConfigurationPlatforms) = postSolution
		{B128A5CF-5F03-4C15-AAE5-D2172186A7B7}.Debug|Any CPU.ActiveCfg = Debug|Any CPU
		{B128A5CF-5F03-4C15-AAE5-D2172186A7B7}.Debug|Any CPU.Build.0 = Debug|Any CPU
		{B128A5CF-5F03-4C15-AAE5-D2172186A7B7}.Release|Any CPU.ActiveCfg = Release|Any CPU
		{B128A5CF-5F03-4C15-AAE5-D2172186A7B7}.Release|Any CPU.Build.0 = Release|Any CPU
	EndGlobalSection
	GlobalSection(SolutionProperties) = preSolution
		HideSolutionNode = FALSE
	EndGlobalSection
	GlobalSection(ExtensibilityGlobals) = postSolution
		SolutionGuid = {7DEF4567-B545-4F71-8F87-1FE737A5F545}
	EndGlobalSection
EndGlobal
